
Microsoft Visual Studio Solution File, Format Version 12.00
# Visual Studio Version 17
VisualStudioVersion = 17.7.34031.279
MinimumVisualStudioVersion = 10.0.40219.1
Project("{8BC9CEB8-8B4A-11D0-8D11-00A0C91BC942}") = "13.1", "13.1\13.1.vcxproj", "{FD3BBBFD-3105-44FF-A782-DC5183C71590}"
EndProject
Project("{8BC9CEB8-8B4A-11D0-8D11-00A0C91BC942}") = "UnitTest1", "UnitTest1\UnitTest1.vcxproj", "{289314F4-35F8-40B2-8D8B-F4BE895C2819}"
EndProject
Global
	GlobalSection(SolutionConfigurationPlatforms) = preSolution
		Debug|x64 = Debug|x64
		Debug|x86 = Debug|x86
		Release|x64 = Release|x64
		Release|x86 = Release|x86
	EndGlobalSection
	GlobalSection(ProjectConfigurationPlatforms) = postSolution
		{FD3BBBFD-3105-44FF-A782-DC5183C71590}.Debug|x64.ActiveCfg = Debug|x64
		{FD3BBBFD-3105-44FF-A782-DC5183C71590}.Debug|x64.Build.0 = Debug|x64
		{FD3BBBFD-3105-44FF-A782-DC5183C71590}.Debug|x86.ActiveCfg = Debug|Win32
		{FD3BBBFD-3105-44FF-A782-DC5183C71590}.Debug|x86.Build.0 = Debug|Win32
		{FD3BBBFD-3105-44FF-A782-DC5183C71590}.Release|x64.ActiveCfg = Release|x64
		{FD3BBBFD-3105-44FF-A782-DC5183C71590}.Release|x64.Build.0 = Release|x64
		{FD3BBBFD-3105-44FF-A782-DC5183C71590}.Release|x86.ActiveCfg = Release|Win32
		{FD3BBBFD-3105-44FF-A782-DC5183C71590}.Release|x86.Build.0 = Release|Win32
		{289314F4-35F8-40B2-8D8B-F4BE895C2819}.Debug|x64.ActiveCfg = Debug|x64
		{289314F4-35F8-40B2-8D8B-F4BE895C2819}.Debug|x64.Build.0 = Debug|x64
		{289314F4-35F8-40B2-8D8B-F4BE895C2819}.Debug|x86.ActiveCfg = Debug|Win32
		{289314F4-35F8-40B2-8D8B-F4BE895C2819}.Debug|x86.Build.0 = Debug|Win32
		{289314F4-35F8-40B2-8D8B-F4BE895C2819}.Release|x64.ActiveCfg = Release|x64
		{289314F4-35F8-40B2-8D8B-F4BE895C2819}.Release|x64.Build.0 = Release|x64
		{289314F4-35F8-40B2-8D8B-F4BE895C2819}.Release|x86.ActiveCfg = Release|Win32
		{289314F4-35F8-40B2-8D8B-F4BE895C2819}.Release|x86.Build.0 = Release|Win32
	EndGlobalSection
	GlobalSection(SolutionProperties) = preSolution
		HideSolutionNode = FALSE
	EndGlobalSection
	GlobalSection(ExtensibilityGlobals) = postSolution
		SolutionGuid = {D83B6C94-22DD-48DE-B9E5-C024E21D91A7}
	EndGlobalSection
EndGlobal
